PODS:
  - IQKeyboardManagerSwift (6.5.10)
  - ObjectMapper (3.5.3)
  - OTPTextField (1.1.5)
  - SDWebImage (5.12.5):
    - SDWebImage/Core (= 5.12.5)
  - SDWebImage/Core (5.12.5)
  - SwiftyJSON (4.3.0)

DEPENDENCIES:
  - IQKeyboardManagerSwift
  - ObjectMapper (~> 3.4)
  - OTPTextField
  - SDWebImage (~> 5.0)
  - SwiftyJSON (~> 4.0)

SPEC REPOS:
  trunk:
    - IQKeyboardManagerSwift
    - ObjectMapper
    - OTPTextField
    - SDWebImage
    - SwiftyJSON

SPEC CHECKSUMS:
  IQKeyboardManagerSwift: 52962c76ab33532f15ad9f3ff4e5715eda5335bb
  ObjectMapper: 97111c97e054a6ee25917662106689f0b4127b37
  OTPTextField: 9d35010a6356972471298aea37bf8d6d5f9974f7
  SDWebImage: 0905f1b7760fc8ac4198cae0036600d67478751e
  SwiftyJSON: 6faa0040f8b59dead0ee07436cbf76b73c08fd08

PODFILE CHECKSUM: 5b35c505d37a95fd33ec86116b8beb4a1b01e504

COCOAPODS: 1.11.3
